
Microsoft Visual Studio Solution File, Format Version 12.00
# Visual Studio Version 17
VisualStudioVersion = 17.3.32929.385
MinimumVisualStudioVersion = 10.0.40219.1
Project("{9A19103F-16F7-4668-BE54-9A1E7A4F7556}") = "OneforAllFrameWork", "OneforAllFrameWork.csproj", "{BED5C7C0-AD20-4F13-A013-76BBC1DA9B14}"
EndProject
Project("{FAE04EC0-301F-11D3-BF4B-00C04F79EFBC}") = "RockieTests", "..\RockieTests\RockieTests.csproj", "{7ECA007C-1FEE-4E0A-9BFD-932ABA142EE0}"
EndProject
Global
	GlobalSection(SolutionConfigurationPlatforms) = preSolution
		Debug|Any CPU = Debug|Any CPU
		Release|Any CPU = Release|Any CPU
	EndGlobalSection
	GlobalSection(ProjectConfigurationPlatforms) = postSolution
		{BED5C7C0-AD20-4F13-A013-76BBC1DA9B14}.Debug|Any CPU.ActiveCfg = Debug|Any CPU
		{BED5C7C0-AD20-4F13-A013-76BBC1DA9B14}.Debug|Any CPU.Build.0 = Debug|Any CPU
		{BED5C7C0-AD20-4F13-A013-76BBC1DA9B14}.Release|Any CPU.ActiveCfg = Release|Any CPU
		{BED5C7C0-AD20-4F13-A013-76BBC1DA9B14}.Release|Any CPU.Build.0 = Release|Any CPU
		{7ECA007C-1FEE-4E0A-9BFD-932ABA142EE0}.Debug|Any CPU.ActiveCfg = Debug|Any CPU
		{7ECA007C-1FEE-4E0A-9BFD-932ABA142EE0}.Debug|Any CPU.Build.0 = Debug|Any CPU
		{7ECA007C-1FEE-4E0A-9BFD-932ABA142EE0}.Release|Any CPU.ActiveCfg = Release|Any CPU
		{7ECA007C-1FEE-4E0A-9BFD-932ABA142EE0}.Release|Any CPU.Build.0 = Release|Any CPU
	EndGlobalSection
	GlobalSection(SolutionProperties) = preSolution
		HideSolutionNode = FALSE
	EndGlobalSection
	GlobalSection(ExtensibilityGlobals) = postSolution
		SolutionGuid = {4B431E50-E95A-461B-B9CD-346FE3DB0568}
	EndGlobalSection
EndGlobal
